
Microsoft Visual Studio Solution File, Format Version 12.00
# Visual Studio Version 16
VisualStudioVersion = 16.0.31702.278
MinimumVisualStudioVersion = 10.0.40219.1
Project("{9A19103F-16F7-4668-BE54-9A1E7A4F7556}") = "EditorTXT", "EditorTXT\EditorTXT.csproj", "{11C76C97-0A89-453B-8C7C-8CB725F7C5A3}"
EndProject
Global
	GlobalSection(SolutionConfigurationPlatforms) = preSolution
		Debug|Any CPU = Debug|Any CPU
		Release|Any CPU = Release|Any CPU
	EndGlobalSection
	GlobalSection(ProjectConfigurationPlatforms) = postSolution
		{11C76C97-0A89-453B-8C7C-8CB725F7C5A3}.Debug|Any CPU.ActiveCfg = Debug|Any CPU
		{11C76C97-0A89-453B-8C7C-8CB725F7C5A3}.Debug|Any CPU.Build.0 = Debug|Any CPU
		{11C76C97-0A89-453B-8C7C-8CB725F7C5A3}.Release|Any CPU.ActiveCfg = Release|Any CPU
		{11C76C97-0A89-453B-8C7C-8CB725F7C5A3}.Release|Any CPU.Build.0 = Release|Any CPU
	EndGlobalSection
	GlobalSection(SolutionProperties) = preSolution
		HideSolutionNode = FALSE
	EndGlobalSection
	GlobalSection(ExtensibilityGlobals) = postSolution
		SolutionGuid = {B734B2AD-83FF-4444-BE17-FC46D892908B}
	EndGlobalSection
EndGlobal
